
Microsoft Visual Studio Solution File, Format Version 12.00
# Visual Studio Version 16
VisualStudioVersion = 16.0.30523.141
MinimumVisualStudioVersion = 10.0.40219.1
Project("{2150E333-8FDC-42A3-9474-1A3956D46DE8}") = "Core", "Core", "{8B324CD7-1635-454A-9E20-9AB5C108BEE0}"
EndProject
Project("{2150E333-8FDC-42A3-9474-1A3956D46DE8}") = "Infrastructure", "Infrastructure", "{4AFD801F-5C65-44B5-B94D-05031C8D7ECC}"
EndProject
Project("{2150E333-8FDC-42A3-9474-1A3956D46DE8}") = "Presentation", "Presentation", "{43413D32-FD45-49D1-9C71-FBB2E37A7796}"
EndProject
Project("{FAE04EC0-301F-11D3-BF4B-00C04F79EFBC}") = "Application", "Application\Application.csproj", "{8861999D-DA3B-45DC-81C8-962F809EC147}"
EndProject
Project("{FAE04EC0-301F-11D3-BF4B-00C04F79EFBC}") = "Domain", "Domain\Domain.csproj", "{BC4D40D9-BE6B-4531-B2F7-346E8788B078}"
EndProject
Project("{FAE04EC0-301F-11D3-BF4B-00C04F79EFBC}") = "Web", "Web\Web.csproj", "{90124A23-0D85-41D9-B863-938D46D25DD7}"
EndProject
Project("{FAE04EC0-301F-11D3-BF4B-00C04F79EFBC}") = "Persistence", "Persistence\Persistence.csproj", "{74DD87DE-E622-487C-AE2E-F2E3FEAA0927}"
EndProject
Project("{2150E333-8FDC-42A3-9474-1A3956D46DE8}") = "Testings", "Testings", "{E86863FB-862A-443B-AA26-E4470E17A10B}"
EndProject
Project("{FAE04EC0-301F-11D3-BF4B-00C04F79EFBC}") = "Tests", "Tests\Tests.csproj", "{F99F20A0-A0DC-4239-9D15-E3033C3A8C27}"
EndProject
Global
	GlobalSection(SolutionConfigurationPlatforms) = preSolution
		Debug|Any CPU = Debug|Any CPU
		Release|Any CPU = Release|Any CPU
	EndGlobalSection
	GlobalSection(ProjectConfigurationPlatforms) = postSolution
		{8861999D-DA3B-45DC-81C8-962F809EC147}.Debug|Any CPU.ActiveCfg = Debug|Any CPU
		{8861999D-DA3B-45DC-81C8-962F809EC147}.Debug|Any CPU.Build.0 = Debug|Any CPU
		{8861999D-DA3B-45DC-81C8-962F809EC147}.Release|Any CPU.ActiveCfg = Release|Any CPU
		{8861999D-DA3B-45DC-81C8-962F809EC147}.Release|Any CPU.Build.0 = Release|Any CPU
		{BC4D40D9-BE6B-4531-B2F7-346E8788B078}.Debug|Any CPU.ActiveCfg = Debug|Any CPU
		{BC4D40D9-BE6B-4531-B2F7-346E8788B078}.Debug|Any CPU.Build.0 = Debug|Any CPU
		{BC4D40D9-BE6B-4531-B2F7-346E8788B078}.Release|Any CPU.ActiveCfg = Release|Any CPU
		{BC4D40D9-BE6B-4531-B2F7-346E8788B078}.Release|Any CPU.Build.0 = Release|Any CPU
		{90124A23-0D85-41D9-B863-938D46D25DD7}.Debug|Any CPU.ActiveCfg = Debug|Any CPU
		{90124A23-0D85-41D9-B863-938D46D25DD7}.Debug|Any CPU.Build.0 = Debug|Any CPU
		{90124A23-0D85-41D9-B863-938D46D25DD7}.Release|Any CPU.ActiveCfg = Release|Any CPU
		{90124A23-0D85-41D9-B863-938D46D25DD7}.Release|Any CPU.Build.0 = Release|Any CPU
		{74DD87DE-E622-487C-AE2E-F2E3FEAA0927}.Debug|Any CPU.ActiveCfg = Debug|Any CPU
		{74DD87DE-E622-487C-AE2E-F2E3FEAA0927}.Debug|Any CPU.Build.0 = Debug|Any CPU
		{74DD87DE-E622-487C-AE2E-F2E3FEAA0927}.Release|Any CPU.ActiveCfg = Release|Any CPU
		{74DD87DE-E622-487C-AE2E-F2E3FEAA0927}.Release|Any CPU.Build.0 = Release|Any CPU
		{F99F20A0-A0DC-4239-9D15-E3033C3A8C27}.Debug|Any CPU.ActiveCfg = Debug|Any CPU
		{F99F20A0-A0DC-4239-9D15-E3033C3A8C27}.Debug|Any CPU.Build.0 = Debug|Any CPU
		{F99F20A0-A0DC-4239-9D15-E3033C3A8C27}.Release|Any CPU.ActiveCfg = Release|Any CPU
		{F99F20A0-A0DC-4239-9D15-E3033C3A8C27}.Release|Any CPU.Build.0 = Release|Any CPU
	EndGlobalSection
	GlobalSection(SolutionProperties) = preSolution
		HideSolutionNode = FALSE
	EndGlobalSection
	GlobalSection(NestedProjects) = preSolution
		{8861999D-DA3B-45DC-81C8-962F809EC147} = {8B324CD7-1635-454A-9E20-9AB5C108BEE0}
		{BC4D40D9-BE6B-4531-B2F7-346E8788B078} = {8B324CD7-1635-454A-9E20-9AB5C108BEE0}
		{90124A23-0D85-41D9-B863-938D46D25DD7} = {43413D32-FD45-49D1-9C71-FBB2E37A7796}
		{74DD87DE-E622-487C-AE2E-F2E3FEAA0927} = {4AFD801F-5C65-44B5-B94D-05031C8D7ECC}
		{F99F20A0-A0DC-4239-9D15-E3033C3A8C27} = {E86863FB-862A-443B-AA26-E4470E17A10B}
	EndGlobalSection
	GlobalSection(ExtensibilityGlobals) = postSolution
		SolutionGuid = {B8D07E88-B6A4-4339-BB39-6779DA659777}
	EndGlobalSection
EndGlobal
